
Microsoft Visual Studio Solution File, Format Version 12.00
# Visual Studio Version 16
VisualStudioVersion = 16.0.29102.190
MinimumVisualStudioVersion = 10.0.40219.1
Project("{FAE04EC0-301F-11D3-BF4B-00C04F79EFBC}") = "DiscordMinesweeper", "DiscordMinesweeper\DiscordMinesweeper.csproj", "{B1D86047-2584-4056-913C-CC38F69FA32B}"
EndProject
Global
	GlobalSection(SolutionConfigurationPlatforms) = preSolution
		Debug|Any CPU = Debug|Any CPU
		Release|Any CPU = Release|Any CPU
	EndGlobalSection
	GlobalSection(ProjectConfigurationPlatforms) = postSolution
		{B1D86047-2584-4056-913C-CC38F69FA32B}.Debug|Any CPU.ActiveCfg = Release|Any CPU
		{B1D86047-2584-4056-913C-CC38F69FA32B}.Debug|Any CPU.Build.0 = Release|Any CPU
		{B1D86047-2584-4056-913C-CC38F69FA32B}.Release|Any CPU.ActiveCfg = Release|Any CPU
		{B1D86047-2584-4056-913C-CC38F69FA32B}.Release|Any CPU.Build.0 = Release|Any CPU
	EndGlobalSection
	GlobalSection(SolutionProperties) = preSolution
		HideSolutionNode = FALSE
	EndGlobalSection
	GlobalSection(ExtensibilityGlobals) = postSolution
		SolutionGuid = {AC5B3BD6-1886-4EF5-AA78-DFADECF15CFC}
	EndGlobalSection
EndGlobal
